dependencies:
- name: sciencebeam-autocut
  repository: file://../sciencebeam-autocut
  version: 0.1.0
- name: cermine
  repository: file://../cermine
  version: 0.1.0
- name: grobid
  repository: file://../grobid
  version: 0.1.0
- name: scienceparse-v1
  repository: file://../scienceparse-v1
  version: 0.1.0
- name: scienceparse-v2
  repository: file://../scienceparse-v2
  version: 0.1.0
digest: sha256:afa34fc7e9dcf0610235423376a67982ddbc4af1bb4938e4175d95ee87e6c3ae
generated: "2019-06-10T14:52:20.724744642+01:00"
